// !$*UTF8*$!
{
	archiveVersion = 1;
	classes = {
	};
	objectVersion = 56;
	objects = {

/* Begin PBXBuildFile section */
		713825F5294FA8DF001B9594 /* FavoriteViewCell.swift in Sources */ = {isa = PBXBuildFile; fileRef = 713825F4294FA8DF001B9594 /* FavoriteViewCell.swift */; };
		7146E6D22986C6B60030B397 /* ValutesListViewController.swift in Sources */ = {isa = PBXBuildFile; fileRef = 7146E6D12986C6B60030B397 /* ValutesListViewController.swift */; };
		7146E6DF2986CD750030B397 /* TinyValutesCell.swift in Sources */ = {isa = PBXBuildFile; fileRef = 7146E6DE2986CD750030B397 /* TinyValutesCell.swift */; };
		714B616B29953ABA00FF57BE /* Alamofire in Frameworks */ = {isa = PBXBuildFile; productRef = 714B616A29953ABA00FF57BE /* Alamofire */; };
		716AE5E92943AC2300D656C5 /* Valutes.swift in Sources */ = {isa = PBXBuildFile; fileRef = 716AE5E82943AC2300D656C5 /* Valutes.swift */; };
		716AE5EF2943DCAB00D656C5 /* Response.swift in Sources */ = {isa = PBXBuildFile; fileRef = 716AE5EE2943DCAB00D656C5 /* Response.swift */; };
		716AE5F22943F26E00D656C5 /* Constants.swift in Sources */ = {isa = PBXBuildFile; fileRef = 716AE5F12943F26E00D656C5 /* Constants.swift */; };
		718AE02729453A5C009C41FA /* CurrencySheetVC.swift in Sources */ = {isa = PBXBuildFile; fileRef = 718AE02629453A5C009C41FA /* CurrencySheetVC.swift */; };
		71B20A352944D222000C4F7F /* CurrencyTableViewCell.swift in Sources */ = {isa = PBXBuildFile; fileRef = 71B20A342944D222000C4F7F /* CurrencyTableViewCell.swift */; };
		71B23CA6294298FB00DC1888 /* AppDelegate.swift in Sources */ = {isa = PBXBuildFile; fileRef = 71B23CA5294298FB00DC1888 /* AppDelegate.swift */; };
		71B23CA8294298FB00DC1888 /* SceneDelegate.swift in Sources */ = {isa = PBXBuildFile; fileRef = 71B23CA7294298FB00DC1888 /* SceneDelegate.swift */; };
		71B23CAA294298FB00DC1888 /* FavoritesViewController.swift in Sources */ = {isa = PBXBuildFile; fileRef = 71B23CA9294298FB00DC1888 /* FavoritesViewController.swift */; };
		71B23CAD294298FB00DC1888 /* Main.storyboard in Resources */ = {isa = PBXBuildFile; fileRef = 71B23CAB294298FB00DC1888 /* Main.storyboard */; };
		71B23CB0294298FB00DC1888 /* ExchangeRate.xcdatamodeld in Sources */ = {isa = PBXBuildFile; fileRef = 71B23CAE294298FB00DC1888 /* ExchangeRate.xcdatamodeld */; };
		71B23CB2294298FF00DC1888 /* Assets.xcassets in Resources */ = {isa = PBXBuildFile; fileRef = 71B23CB1294298FF00DC1888 /* Assets.xcassets */; };
		71B23CB5294298FF00DC1888 /* LaunchScreen.storyboard in Resources */ = {isa = PBXBuildFile; fileRef = 71B23CB3294298FF00DC1888 /* LaunchScreen.storyboard */; };
		71B23CBF29429A7200DC1888 /* CurrenciesVC.swift in Sources */ = {isa = PBXBuildFile; fileRef = 71B23CBE29429A7200DC1888 /* CurrenciesVC.swift */; };
		71BA67772987ED30006D40A6 /* ConverterCell.swift in Sources */ = {isa = PBXBuildFile; fileRef = 71BA67762987ED30006D40A6 /* ConverterCell.swift */; };
		71C9FAA22942B46F00DF203C /* ConverterViewController.swift in Sources */ = {isa = PBXBuildFile; fileRef = 71C9FAA12942B46F00DF203C /* ConverterViewController.swift */; };
		71DE6C34299E842A0030C07D /* Pods_ExchangeRate.framework in Frameworks */ = {isa = PBXBuildFile; fileRef = 5A76628F7FCAB575E355F24B /* Pods_ExchangeRate.framework */; };
		71E5A75029575AAB00102D1B /* FetchRequest.swift in Sources */ = {isa = PBXBuildFile; fileRef = 71E5A74F29575AAB00102D1B /* FetchRequest.swift */; };
		71EAB7D229539A5200A151A5 /* .gitignore in Resources */ = {isa = PBXBuildFile; fileRef = 71EAB7D129539A5200A151A5 /* .gitignore */; };
/* End PBXBuildFile section */

/* Begin PBXFileReference section */
		59383841DDED343B9EFD678F /* Pods-ExchangeRate.debug.xcconfig */ = {isa = PBXFileReference; includeInIndex = 1; lastKnownFileType = text.xcconfig; name = "Pods-ExchangeRate.debug.xcconfig"; path = "Target Support Files/Pods-ExchangeRate/Pods-ExchangeRate.debug.xcconfig"; sourceTree = "<group>"; };
		5A76628F7FCAB575E355F24B /* Pods_ExchangeRate.framework */ = {isa = PBXFileReference; explicitFileType = wrapper.framework; includeInIndex = 0; path = Pods_ExchangeRate.framework; sourceTree = BUILT_PRODUCTS_DIR; };
		5D5ADFBB61225FBBA62A11AD /* Pods-ExchangeRate.release.xcconfig */ = {isa = PBXFileReference; includeInIndex = 1; lastKnownFileType = text.xcconfig; name = "Pods-ExchangeRate.release.xcconfig"; path = "Target Support Files/Pods-ExchangeRate/Pods-ExchangeRate.release.xcconfig"; sourceTree = "<group>"; };
		713825F4294FA8DF001B9594 /* FavoriteViewCell.swift */ = {isa = PBXFileReference; lastKnownFileType = sourcecode.swift; path = FavoriteViewCell.swift; sourceTree = "<group>"; };
		7146E6D12986C6B60030B397 /* ValutesListViewController.swift */ = {isa = PBXFileReference; lastKnownFileType = sourcecode.swift; path = ValutesListViewController.swift; sourceTree = "<group>"; };
		7146E6DE2986CD750030B397 /* TinyValutesCell.swift */ = {isa = PBXFileReference; lastKnownFileType = sourcecode.swift; path = TinyValutesCell.swift; sourceTree = "<group>"; };
		716AE5E82943AC2300D656C5 /* Valutes.swift */ = {isa = PBXFileReference; lastKnownFileType = sourcecode.swift; path = Valutes.swift; sourceTree = "<group>"; };
		716AE5EE2943DCAB00D656C5 /* Response.swift */ = {isa = PBXFileReference; lastKnownFileType = sourcecode.swift; path = Response.swift; sourceTree = "<group>"; };
		716AE5F12943F26E00D656C5 /* Constants.swift */ = {isa = PBXFileReference; lastKnownFileType = sourcecode.swift; path = Constants.swift; sourceTree = "<group>"; };
		718AE02629453A5C009C41FA /* CurrencySheetVC.swift */ = {isa = PBXFileReference; lastKnownFileType = sourcecode.swift; path = CurrencySheetVC.swift; sourceTree = "<group>"; };
		71B20A342944D222000C4F7F /* CurrencyTableViewCell.swift */ = {isa = PBXFileReference; lastKnownFileType = sourcecode.swift; path = CurrencyTableViewCell.swift; sourceTree = "<group>"; };
		71B23CA2294298FB00DC1888 /* ExchangeRate.app */ = {isa = PBXFileReference; explicitFileType = wrapper.application; includeInIndex = 0; path = ExchangeRate.app; sourceTree = BUILT_PRODUCTS_DIR; };
		71B23CA5294298FB00DC1888 /* AppDelegate.swift */ = {isa = PBXFileReference; lastKnownFileType = sourcecode.swift; path = AppDelegate.swift; sourceTree = "<group>"; };
		71B23CA7294298FB00DC1888 /* SceneDelegate.swift */ = {isa = PBXFileReference; lastKnownFileType = sourcecode.swift; path = SceneDelegate.swift; sourceTree = "<group>"; };
		71B23CA9294298FB00DC1888 /* FavoritesViewController.swift */ = {isa = PBXFileReference; lastKnownFileType = sourcecode.swift; path = FavoritesViewController.swift; sourceTree = "<group>"; };
		71B23CAC294298FB00DC1888 /* Base */ = {isa = PBXFileReference; lastKnownFileType = file.storyboard; name = Base; path = Base.lproj/Main.storyboard; sourceTree = "<group>"; };
		71B23CAF294298FB00DC1888 /* ExchangeRate.xcdatamodel */ = {isa = PBXFileReference; lastKnownFileType = wrapper.xcdatamodel; path = ExchangeRate.xcdatamodel; sourceTree = "<group>"; };
		71B23CB1294298FF00DC1888 /* Assets.xcassets */ = {isa = PBXFileReference; lastKnownFileType = folder.assetcatalog; path = Assets.xcassets; sourceTree = "<group>"; };
		71B23CB4294298FF00DC1888 /* Base */ = {isa = PBXFileReference; lastKnownFileType = file.storyboard; name = Base; path = Base.lproj/LaunchScreen.storyboard; sourceTree = "<group>"; };
		71B23CB6294298FF00DC1888 /* Info.plist */ = {isa = PBXFileReference; lastKnownFileType = text.plist.xml; path = Info.plist; sourceTree = "<group>"; };
		71B23CBE29429A7200DC1888 /* CurrenciesVC.swift */ = {isa = PBXFileReference; lastKnownFileType = sourcecode.swift; path = CurrenciesVC.swift; sourceTree = "<group>"; };
		71BA67762987ED30006D40A6 /* ConverterCell.swift */ = {isa = PBXFileReference; lastKnownFileType = sourcecode.swift; path = ConverterCell.swift; sourceTree = "<group>"; };
		71C9FAA12942B46F00DF203C /* ConverterViewController.swift */ = {isa = PBXFileReference; lastKnownFileType = sourcecode.swift; path = ConverterViewController.swift; sourceTree = "<group>"; };
		71E5A74F29575AAB00102D1B /* FetchRequest.swift */ = {isa = PBXFileReference; lastKnownFileType = sourcecode.swift; path = FetchRequest.swift; sourceTree = "<group>"; };
		71EAB7D129539A5200A151A5 /* .gitignore */ = {isa = PBXFileReference; lastKnownFileType = text; path = .gitignore; sourceTree = SOURCE_ROOT; };
/* End PBXFileReference section */

/* Begin PBXFrameworksBuildPhase section */
		71B23C9F294298FB00DC1888 /* Frameworks */ = {
			isa = PBXFrameworksBuildPhase;
			buildActionMask = 2147483647;
			files = (
				714B616B29953ABA00FF57BE /* Alamofire in Frameworks */,
				71DE6C34299E842A0030C07D /* Pods_ExchangeRate.framework in Frameworks */,
			);
			runOnlyForDeploymentPostprocessing = 0;
		};
/* End PBXFrameworksBuildPhase section */

/* Begin PBXGroup section */
		30E6C8628E54CF0932735AD3 /* Pods */ = {
			isa = PBXGroup;
			children = (
				59383841DDED343B9EFD678F /* Pods-ExchangeRate.debug.xcconfig */,
				5D5ADFBB61225FBBA62A11AD /* Pods-ExchangeRate.release.xcconfig */,
			);
			path = Pods;
			sourceTree = "<group>";
		};
		713825E0294F49B5001B9594 /* Application */ = {
			isa = PBXGroup;
			children = (
				713825E4294F4A4B001B9594 /* Models */,
				713825E3294F4A39001B9594 /* Views */,
				713825E2294F4A2D001B9594 /* Controllers */,
				716AE5F02943E7B300D656C5 /* Networking */,
			);
			path = Application;
			sourceTree = "<group>";
		};
		713825E1294F49EE001B9594 /* Currencies */ = {
			isa = PBXGroup;
			children = (
				71B20A362944D237000C4F7F /* Views */,
				71C9FAA52943407500DF203C /* Controllers */,
			);
			path = Currencies;
			sourceTree = "<group>";
		};
		713825E2294F4A2D001B9594 /* Controllers */ = {
			isa = PBXGroup;
			children = (
				71B23CA5294298FB00DC1888 /* AppDelegate.swift */,
				71B23CA7294298FB00DC1888 /* SceneDelegate.swift */,
			);
			path = Controllers;
			sourceTree = "<group>";
		};
		713825E3294F4A39001B9594 /* Views */ = {
			isa = PBXGroup;
			children = (
				71B23CAB294298FB00DC1888 /* Main.storyboard */,
				71B23CB3294298FF00DC1888 /* LaunchScreen.storyboard */,
			);
			path = Views;
			sourceTree = "<group>";
		};
		713825E4294F4A4B001B9594 /* Models */ = {
			isa = PBXGroup;
			children = (
				716AE5E82943AC2300D656C5 /* Valutes.swift */,
				716AE5EE2943DCAB00D656C5 /* Response.swift */,
			);
			path = Models;
			sourceTree = "<group>";
		};
		713825E6294F4A83001B9594 /* Favorites */ = {
			isa = PBXGroup;
			children = (
				713825F2294FA841001B9594 /* Controllers */,
				713825F1294FA838001B9594 /* View */,
			);
			path = Favorites;
			sourceTree = "<group>";
		};
		713825E7294F4AAA001B9594 /* Converter */ = {
			isa = PBXGroup;
			children = (
				71BA67782987ED37006D40A6 /* Views */,
				71BA676D2987ED0E006D40A6 /* Controllers */,
			);
			path = Converter;
			sourceTree = "<group>";
		};
		713825E8294F4B6F001B9594 /* SupportingFiles */ = {
			isa = PBXGroup;
			children = (
				71EAB7D129539A5200A151A5 /* .gitignore */,
				716AE5F12943F26E00D656C5 /* Constants.swift */,
				71B23CB1294298FF00DC1888 /* Assets.xcassets */,
				71B23CB6294298FF00DC1888 /* Info.plist */,
				71B23CAE294298FB00DC1888 /* ExchangeRate.xcdatamodeld */,
			);
			path = SupportingFiles;
			sourceTree = "<group>";
		};
		713825F1294FA838001B9594 /* View */ = {
			isa = PBXGroup;
			children = (
				713825F4294FA8DF001B9594 /* FavoriteViewCell.swift */,
			);
			path = View;
			sourceTree = "<group>";
		};
		713825F2294FA841001B9594 /* Controllers */ = {
			isa = PBXGroup;
			children = (
				71B23CA9294298FB00DC1888 /* FavoritesViewController.swift */,
			);
			path = Controllers;
			sourceTree = "<group>";
		};
		713825F3294FA84F001B9594 /* DetailSheet */ = {
			isa = PBXGroup;
			children = (
				718AE02629453A5C009C41FA /* CurrencySheetVC.swift */,
			);
			path = DetailSheet;
			sourceTree = "<group>";
		};
		7146E6DB2986CD0A0030B397 /* ValutesList */ = {
			isa = PBXGroup;
			children = (
				7146E6DD2986CD350030B397 /* Views */,
				7146E6DC2986CD270030B397 /* Controllers */,
			);
			path = ValutesList;
			sourceTree = "<group>";
		};
		7146E6DC2986CD270030B397 /* Controllers */ = {
			isa = PBXGroup;
			children = (
				7146E6D12986C6B60030B397 /* ValutesListViewController.swift */,
			);
			path = Controllers;
			sourceTree = "<group>";
		};
		7146E6DD2986CD350030B397 /* Views */ = {
			isa = PBXGroup;
			children = (
				7146E6DE2986CD750030B397 /* TinyValutesCell.swift */,
			);
			path = Views;
			sourceTree = "<group>";
		};
		716AE5F02943E7B300D656C5 /* Networking */ = {
			isa = PBXGroup;
			children = (
				71E5A74F29575AAB00102D1B /* FetchRequest.swift */,
			);
			path = Networking;
			sourceTree = "<group>";
		};
		71B20A362944D237000C4F7F /* Views */ = {
			isa = PBXGroup;
			children = (
				71B20A342944D222000C4F7F /* CurrencyTableViewCell.swift */,
			);
			path = Views;
			sourceTree = "<group>";
		};
		71B23C99294298FB00DC1888 = {
			isa = PBXGroup;
			children = (
				71B23CA4294298FB00DC1888 /* ExchangeRate */,
				71B23CA3294298FB00DC1888 /* Products */,
				71DE66CA29575E180035107A /* Frameworks */,
				30E6C8628E54CF0932735AD3 /* Pods */,
			);
			sourceTree = "<group>";
		};
		71B23CA3294298FB00DC1888 /* Products */ = {
			isa = PBXGroup;
			children = (
				71B23CA2294298FB00DC1888 /* ExchangeRate.app */,
			);
			name = Products;
			sourceTree = "<group>";
		};
		71B23CA4294298FB00DC1888 /* ExchangeRate */ = {
			isa = PBXGroup;
			children = (
				713825E0294F49B5001B9594 /* Application */,
				713825E6294F4A83001B9594 /* Favorites */,
				713825E1294F49EE001B9594 /* Currencies */,
				713825E7294F4AAA001B9594 /* Converter */,
				7146E6DB2986CD0A0030B397 /* ValutesList */,
				713825F3294FA84F001B9594 /* DetailSheet */,
				713825E8294F4B6F001B9594 /* SupportingFiles */,
			);
			path = ExchangeRate;
			sourceTree = "<group>";
		};
		71BA676D2987ED0E006D40A6 /* Controllers */ = {
			isa = PBXGroup;
			children = (
				71C9FAA12942B46F00DF203C /* ConverterViewController.swift */,
			);
			path = Controllers;
			sourceTree = "<group>";
		};
		71BA67782987ED37006D40A6 /* Views */ = {
			isa = PBXGroup;
			children = (
				71BA67762987ED30006D40A6 /* ConverterCell.swift */,
			);
			path = Views;
			sourceTree = "<group>";
		};
		71C9FAA52943407500DF203C /* Controllers */ = {
			isa = PBXGroup;
			children = (
				71B23CBE29429A7200DC1888 /* CurrenciesVC.swift */,
			);
			path = Controllers;
			sourceTree = "<group>";
		};
		71DE66CA29575E180035107A /* Frameworks */ = {
			isa = PBXGroup;
			children = (
				5A76628F7FCAB575E355F24B /* Pods_ExchangeRate.framework */,
			);
			name = Frameworks;
			sourceTree = "<group>";
		};
/* End PBXGroup section */

/* Begin PBXNativeTarget section */
		71B23CA1294298FB00DC1888 /* ExchangeRate */ = {
			isa = PBXNativeTarget;
			buildConfigurationList = 71B23CB9294298FF00DC1888 /* Build configuration list for PBXNativeTarget "ExchangeRate" */;
			buildPhases = (
				9F1BC16537486F3A9226DE8D /* [CP] Check Pods Manifest.lock */,
				71B23C9E294298FB00DC1888 /* Sources */,
				71B23C9F294298FB00DC1888 /* Frameworks */,
				71B23CA0294298FB00DC1888 /* Resources */,
				ECBF13C9E4B83425D3425C9F /* [CP] Embed Pods Frameworks */,
			);
			buildRules = (
			);
			dependencies = (
			);
			name = ExchangeRate;
			packageProductDependencies = (
				714B616A29953ABA00FF57BE /* Alamofire */,
			);
			productName = ExchangeRate;
			productReference = 71B23CA2294298FB00DC1888 /* ExchangeRate.app */;
			productType = "com.apple.product-type.application";
		};
/* End PBXNativeTarget section */

/* Begin PBXProject section */
		71B23C9A294298FB00DC1888 /* Project object */ = {
			isa = PBXProject;
			attributes = {
				BuildIndependentTargetsInParallel = 1;
				LastSwiftUpdateCheck = 1400;
				LastUpgradeCheck = 1400;
				TargetAttributes = {
					71B23CA1294298FB00DC1888 = {
						CreatedOnToolsVersion = 14.0.1;
					};
				};
			};
			buildConfigurationList = 71B23C9D294298FB00DC1888 /* Build configuration list for PBXProject "ExchangeRate" */;
			compatibilityVersion = "Xcode 14.0";
			developmentRegion = en;
			hasScannedForEncodings = 0;
			knownRegions = (
				en,
				Base,
			);
			mainGroup = 71B23C99294298FB00DC1888;
			packageReferences = (
				714B616929953ABA00FF57BE /* XCRemoteSwiftPackageReference "Alamofire" */,
			);
			productRefGroup = 71B23CA3294298FB00DC1888 /* Products */;
			projectDirPath = "";
			projectRoot = "";
			targets = (
				71B23CA1294298FB00DC1888 /* ExchangeRate */,
			);
		};
/* End PBXProject section */

/* Begin PBXResourcesBuildPhase section */
		71B23CA0294298FB00DC1888 /* Resources */ = {
			isa = PBXResourcesBuildPhase;
			buildActionMask = 2147483647;
			files = (
				71EAB7D229539A5200A151A5 /* .gitignore in Resources */,
				71B23CB5294298FF00DC1888 /* LaunchScreen.storyboard in Resources */,
				71B23CB2294298FF00DC1888 /* Assets.xcassets in Resources */,
				71B23CAD294298FB00DC1888 /* Main.storyboard in Resources */,
			);
			runOnlyForDeploymentPostprocessing = 0;
		};
/* End PBXResourcesBuildPhase section */

/* Begin PBXShellScriptBuildPhase section */
		9F1BC16537486F3A9226DE8D /* [CP] Check Pods Manifest.lock */ = {
			isa = PBXShellScriptBuildPhase;
			buildActionMask = 2147483647;
			files = (
			);
			inputFileListPaths = (
			);
			inputPaths = (
				"${PODS_PODFILE_DIR_PATH}/Podfile.lock",
				"${PODS_ROOT}/Manifest.lock",
			);
			name = "[CP] Check Pods Manifest.lock";
			outputFileListPaths = (
			);
			outputPaths = (
				"$(DERIVED_FILE_DIR)/Pods-ExchangeRate-checkManifestLockResult.txt",
			);
			runOnlyForDeploymentPostprocessing = 0;
			shellPath = /bin/sh;
			shellScript = "diff \"${PODS_PODFILE_DIR_PATH}/Podfile.lock\" \"${PODS_ROOT}/Manifest.lock\" > /dev/null\nif [ $? != 0 ] ; then\n    # print error to STDERR\n    echo \"error: The sandbox is not in sync with the Podfile.lock. Run 'pod install' or update your CocoaPods installation.\" >&2\n    exit 1\nfi\n# This output is used by Xcode 'outputs' to avoid re-running this script phase.\necho \"SUCCESS\" > \"${SCRIPT_OUTPUT_FILE_0}\"\n";
			showEnvVarsInLog = 0;
		};
		ECBF13C9E4B83425D3425C9F /* [CP] Embed Pods Frameworks */ = {
			isa = PBXShellScriptBuildPhase;
			buildActionMask = 2147483647;
			files = (
			);
			inputFileListPaths = (
				"${PODS_ROOT}/Target Support Files/Pods-ExchangeRate/Pods-ExchangeRate-frameworks-${CONFIGURATION}-input-files.xcfilelist",
			);
			name = "[CP] Embed Pods Frameworks";
			outputFileListPaths = (
				"${PODS_ROOT}/Target Support Files/Pods-ExchangeRate/Pods-ExchangeRate-frameworks-${CONFIGURATION}-output-files.xcfilelist",
			);
			runOnlyForDeploymentPostprocessing = 0;
			shellPath = /bin/sh;
			shellScript = "\"${PODS_ROOT}/Target Support Files/Pods-ExchangeRate/Pods-ExchangeRate-frameworks.sh\"\n";
			showEnvVarsInLog = 0;
		};
/* End PBXShellScriptBuildPhase section */

/* Begin PBXSourcesBuildPhase section */
		71B23C9E294298FB00DC1888 /* Sources */ = {
			isa = PBXSourcesBuildPhase;
			buildActionMask = 2147483647;
			files = (
				716AE5E92943AC2300D656C5 /* Valutes.swift in Sources */,
				71B23CBF29429A7200DC1888 /* CurrenciesVC.swift in Sources */,
				71B23CB0294298FB00DC1888 /* ExchangeRate.xcdatamodeld in Sources */,
				7146E6DF2986CD750030B397 /* TinyValutesCell.swift in Sources */,
				716AE5EF2943DCAB00D656C5 /* Response.swift in Sources */,
				71B20A352944D222000C4F7F /* CurrencyTableViewCell.swift in Sources */,
				71BA67772987ED30006D40A6 /* ConverterCell.swift in Sources */,
				713825F5294FA8DF001B9594 /* FavoriteViewCell.swift in Sources */,
				71B23CAA294298FB00DC1888 /* FavoritesViewController.swift in Sources */,
				716AE5F22943F26E00D656C5 /* Constants.swift in Sources */,
				71E5A75029575AAB00102D1B /* FetchRequest.swift in Sources */,
				71B23CA6294298FB00DC1888 /* AppDelegate.swift in Sources */,
				718AE02729453A5C009C41FA /* CurrencySheetVC.swift in Sources */,
				71B23CA8294298FB00DC1888 /* SceneDelegate.swift in Sources */,
				71C9FAA22942B46F00DF203C /* ConverterViewController.swift in Sources */,
				7146E6D22986C6B60030B397 /* ValutesListViewController.swift in Sources */,
			);
			runOnlyForDeploymentPostprocessing = 0;
		};
/* End PBXSourcesBuildPhase section */

/* Begin PBXVariantGroup section */
		71B23CAB294298FB00DC1888 /* Main.storyboard */ = {
			isa = PBXVariantGroup;
			children = (
				71B23CAC294298FB00DC1888 /* Base */,
			);
			name = Main.storyboard;
			sourceTree = "<group>";
		};
		71B23CB3294298FF00DC1888 /* LaunchScreen.storyboard */ = {
			isa = PBXVariantGroup;
			children = (
				71B23CB4294298FF00DC1888 /* Base */,
			);
			name = LaunchScreen.storyboard;
			sourceTree = "<group>";
		};
/* End PBXVariantGroup section */

/* Begin XCBuildConfiguration section */
		71B23CB7294298FF00DC1888 /* Debug */ = {
			isa = XCBuildConfiguration;
			buildSettings = {
				ALWAYS_SEARCH_USER_PATHS = NO;
				CLANG_ANALYZER_NONNULL = YES;
				CLANG_ANALYZER_NUMBER_OBJECT_CONVERSION = YES_AGGRESSIVE;
				CLANG_CXX_LANGUAGE_STANDARD = "gnu++20";
				CLANG_ENABLE_MODULES = YES;
				CLANG_ENABLE_OBJC_ARC = YES;
				CLANG_ENABLE_OBJC_WEAK = YES;
				CLANG_WARN_BLOCK_CAPTURE_AUTORELEASING = YES;
				CLANG_WARN_BOOL_CONVERSION = YES;
				CLANG_WARN_COMMA = YES;
				CLANG_WARN_CONSTANT_CONVERSION = YES;
				CLANG_WARN_DEPRECATED_OBJC_IMPLEMENTATIONS = YES;
				CLANG_WARN_DIRECT_OBJC_ISA_USAGE = YES_ERROR;
				CLANG_WARN_DOCUMENTATION_COMMENTS = YES;
				CLANG_WARN_EMPTY_BODY = YES;
				CLANG_WARN_ENUM_CONVERSION = YES;
				CLANG_WARN_INFINITE_RECURSION = YES;
				CLANG_WARN_INT_CONVERSION = YES;
				CLANG_WARN_NON_LITERAL_NULL_CONVERSION = YES;
				CLANG_WARN_OBJC_IMPLICIT_RETAIN_SELF = YES;
				CLANG_WARN_OBJC_LITERAL_CONVERSION = YES;
				CLANG_WARN_OBJC_ROOT_CLASS = YES_ERROR;
				CLANG_WARN_QUOTED_INCLUDE_IN_FRAMEWORK_HEADER = YES;
				CLANG_WARN_RANGE_LOOP_ANALYSIS = YES;
				CLANG_WARN_STRICT_PROTOTYPES = YES;
				CLANG_WARN_SUSPICIOUS_MOVE = YES;
				CLANG_WARN_UNGUARDED_AVAILABILITY = YES_AGGRESSIVE;
				CLANG_WARN_UNREACHABLE_CODE = YES;
				CLANG_WARN__DUPLICATE_METHOD_MATCH = YES;
				COPY_PHASE_STRIP = NO;
				DEBUG_INFORMATION_FORMAT = dwarf;
				ENABLE_STRICT_OBJC_MSGSEND = YES;
				ENABLE_TESTABILITY = YES;
				GCC_C_LANGUAGE_STANDARD = gnu11;
				GCC_DYNAMIC_NO_PIC = NO;
				GCC_NO_COMMON_BLOCKS = YES;
				GCC_OPTIMIZATION_LEVEL = 0;
				GCC_PREPROCESSOR_DEFINITIONS = (
					"DEBUG=1",
					"$(inherited)",
				);
				GCC_WARN_64_TO_32_BIT_CONVERSION = YES;
				GCC_WARN_ABOUT_RETURN_TYPE = YES_ERROR;
				GCC_WARN_UNDECLARED_SELECTOR = YES;
				GCC_WARN_UNINITIALIZED_AUTOS = YES_AGGRESSIVE;
				GCC_WARN_UNUSED_FUNCTION = YES;
				GCC_WARN_UNUSED_VARIABLE = YES;
				IPHONEOS_DEPLOYMENT_TARGET = 16.0;
				MTL_ENABLE_DEBUG_INFO = INCLUDE_SOURCE;
				MTL_FAST_MATH = YES;
				ONLY_ACTIVE_ARCH = YES;
				SDKROOT = iphoneos;
				SWIFT_ACTIVE_COMPILATION_CONDITIONS = DEBUG;
				SWIFT_OPTIMIZATION_LEVEL = "-Onone";
			};
			name = Debug;
		};
		71B23CB8294298FF00DC1888 /* Release */ = {
			isa = XCBuildConfiguration;
			buildSettings = {
				ALWAYS_SEARCH_USER_PATHS = NO;
				CLANG_ANALYZER_NONNULL = YES;
				CLANG_ANALYZER_NUMBER_OBJECT_CONVERSION = YES_AGGRESSIVE;
				CLANG_CXX_LANGUAGE_STANDARD = "gnu++20";
				CLANG_ENABLE_MODULES = YES;
				CLANG_ENABLE_OBJC_ARC = YES;
				CLANG_ENABLE_OBJC_WEAK = YES;
				CLANG_WARN_BLOCK_CAPTURE_AUTORELEASING = YES;
				CLANG_WARN_BOOL_CONVERSION = YES;
				CLANG_WARN_COMMA = YES;
				CLANG_WARN_CONSTANT_CONVERSION = YES;
				CLANG_WARN_DEPRECATED_OBJC_IMPLEMENTATIONS = YES;
				CLANG_WARN_DIRECT_OBJC_ISA_USAGE = YES_ERROR;
				CLANG_WARN_DOCUMENTATION_COMMENTS = YES;
				CLANG_WARN_EMPTY_BODY = YES;
				CLANG_WARN_ENUM_CONVERSION = YES;
				CLANG_WARN_INFINITE_RECURSION = YES;
				CLANG_WARN_INT_CONVERSION = YES;
				CLANG_WARN_NON_LITERAL_NULL_CONVERSION = YES;
				CLANG_WARN_OBJC_IMPLICIT_RETAIN_SELF = YES;
				CLANG_WARN_OBJC_LITERAL_CONVERSION = YES;
				CLANG_WARN_OBJC_ROOT_CLASS = YES_ERROR;
				CLANG_WARN_QUOTED_INCLUDE_IN_FRAMEWORK_HEADER = YES;
				CLANG_WARN_RANGE_LOOP_ANALYSIS = YES;
				CLANG_WARN_STRICT_PROTOTYPES = YES;
				CLANG_WARN_SUSPICIOUS_MOVE = YES;
				CLANG_WARN_UNGUARDED_AVAILABILITY = YES_AGGRESSIVE;
				CLANG_WARN_UNREACHABLE_CODE = YES;
				CLANG_WARN__DUPLICATE_METHOD_MATCH = YES;
				COPY_PHASE_STRIP = NO;
				DEBUG_INFORMATION_FORMAT = "dwarf-with-dsym";
				ENABLE_NS_ASSERTIONS = NO;
				ENABLE_STRICT_OBJC_MSGSEND = YES;
				GCC_C_LANGUAGE_STANDARD = gnu11;
				GCC_NO_COMMON_BLOCKS = YES;
				GCC_WARN_64_TO_32_BIT_CONVERSION = YES;
				GCC_WARN_ABOUT_RETURN_TYPE = YES_ERROR;
				GCC_WARN_UNDECLARED_SELECTOR = YES;
				GCC_WARN_UNINITIALIZED_AUTOS = YES_AGGRESSIVE;
				GCC_WARN_UNUSED_FUNCTION = YES;
				GCC_WARN_UNUSED_VARIABLE = YES;
				IPHONEOS_DEPLOYMENT_TARGET = 16.0;
				MTL_ENABLE_DEBUG_INFO = NO;
				MTL_FAST_MATH = YES;
				SDKROOT = iphoneos;
				SWIFT_COMPILATION_MODE = wholemodule;
				SWIFT_OPTIMIZATION_LEVEL = "-O";
				VALIDATE_PRODUCT = YES;
			};
			name = Release;
		};
		71B23CBA294298FF00DC1888 /* Debug */ = {
			isa = XCBuildConfiguration;
			baseConfigurationReference = 59383841DDED343B9EFD678F /* Pods-ExchangeRate.debug.xcconfig */;
			buildSettings = {
				ASSETCATALOG_COMPILER_APPICON_NAME = AppIcon;
				ASSETCATALOG_COMPILER_GLOBAL_ACCENT_COLOR_NAME = AccentColor;
				CODE_SIGN_STYLE = Automatic;
				CURRENT_PROJECT_VERSION = 1;
				DEVELOPMENT_TEAM = M2GX8D8XT7;
				GENERATE_INFOPLIST_FILE = YES;
				INFOPLIST_FILE = ExchangeRate/SupportingFiles/Info.plist;
				INFOPLIST_KEY_CFBundleDisplayName = "Exchage rate";
				INFOPLIST_KEY_LSApplicationCategoryType = "public.app-category.business";
				INFOPLIST_KEY_UIApplicationSupportsIndirectInputEvents = YES;
				INFOPLIST_KEY_UILaunchStoryboardName = LaunchScreen.storyboard;
				INFOPLIST_KEY_UIMainStoryboardFile = Main;
				INFOPLIST_KEY_UISupportedInterfaceOrientations = UIInterfaceOrientationPortrait;
				INFOPLIST_KEY_UISupportedInterfaceOrientations_iPad = "UIInterfaceOrientationLandscapeLeft UIInterfaceOrientationLandscapeRight UIInterfaceOrientationPortrait UIInterfaceOrientationPortraitUpsideDown";
				IPHONEOS_DEPLOYMENT_TARGET = 16.0;
				LD_RUNPATH_SEARCH_PATHS = (
					"$(inherited)",
					"@executable_path/Frameworks",
				);
				MARKETING_VERSION = 1.0;
				PRODUCT_BUNDLE_IDENTIFIER = agency.alloe.ExchangeRate;
				PRODUCT_NAME = "$(TARGET_NAME)";
				SUPPORTED_PLATFORMS = "iphoneos iphonesimulator";
				SUPPORTS_MACCATALYST = NO;
				SUPPORTS_MAC_DESIGNED_FOR_IPHONE_IPAD = NO;
				SWIFT_EMIT_LOC_STRINGS = YES;
				SWIFT_VERSION = 5.0;
				TARGETED_DEVICE_FAMILY = 1;
			};
			name = Debug;
		};
		71B23CBB294298FF00DC1888 /* Release */ = {
			isa = XCBuildConfiguration;
			baseConfigurationReference = 5D5ADFBB61225FBBA62A11AD /* Pods-ExchangeRate.release.xcconfig */;
			buildSettings = {
				ASSETCATALOG_COMPILER_APPICON_NAME = AppIcon;
				ASSETCATALOG_COMPILER_GLOBAL_ACCENT_COLOR_NAME = AccentColor;
				CODE_SIGN_STYLE = Automatic;
				CURRENT_PROJECT_VERSION = 1;
				DEVELOPMENT_TEAM = M2GX8D8XT7;
				GENERATE_INFOPLIST_FILE = YES;
				INFOPLIST_FILE = ExchangeRate/SupportingFiles/Info.plist;
				INFOPLIST_KEY_CFBundleDisplayName = "Exchage rate";
				INFOPLIST_KEY_LSApplicationCategoryType = "public.app-category.business";
				INFOPLIST_KEY_UIApplicationSupportsIndirectInputEvents = YES;
				INFOPLIST_KEY_UILaunchStoryboardName = LaunchScreen.storyboard;
				INFOPLIST_KEY_UIMainStoryboardFile = Main;
				INFOPLIST_KEY_UISupportedInterfaceOrientations = UIInterfaceOrientationPortrait;
				INFOPLIST_KEY_UISupportedInterfaceOrientations_iPad = "UIInterfaceOrientationLandscapeLeft UIInterfaceOrientationLandscapeRight UIInterfaceOrientationPortrait UIInterfaceOrientationPortraitUpsideDown";
				IPHONEOS_DEPLOYMENT_TARGET = 16.0;
				LD_RUNPATH_SEARCH_PATHS = (
					"$(inherited)",
					"@executable_path/Frameworks",
				);
				MARKETING_VERSION = 1.0;
				PRODUCT_BUNDLE_IDENTIFIER = agency.alloe.ExchangeRate;
				PRODUCT_NAME = "$(TARGET_NAME)";
				SUPPORTED_PLATFORMS = "iphoneos iphonesimulator";
				SUPPORTS_MACCATALYST = NO;
				SUPPORTS_MAC_DESIGNED_FOR_IPHONE_IPAD = NO;
				SWIFT_EMIT_LOC_STRINGS = YES;
				SWIFT_VERSION = 5.0;
				TARGETED_DEVICE_FAMILY = 1;
			};
			name = Release;
		};
/* End XCBuildConfiguration section */

/* Begin XCConfigurationList section */
		71B23C9D294298FB00DC1888 /* Build configuration list for PBXProject "ExchangeRate" */ = {
			isa = XCConfigurationList;
			buildConfigurations = (
				71B23CB7294298FF00DC1888 /* Debug */,
				71B23CB8294298FF00DC1888 /* Release */,
			);
			defaultConfigurationIsVisible = 0;
			defaultConfigurationName = Release;
		};
		71B23CB9294298FF00DC1888 /* Build configuration list for PBXNativeTarget "ExchangeRate" */ = {
			isa = XCConfigurationList;
			buildConfigurations = (
				71B23CBA294298FF00DC1888 /* Debug */,
				71B23CBB294298FF00DC1888 /* Release */,
			);
			defaultConfigurationIsVisible = 0;
			defaultConfigurationName = Release;
		};
/* End XCConfigurationList section */

/* Begin XCRemoteSwiftPackageReference section */
		714B616929953ABA00FF57BE /* XCRemoteSwiftPackageReference "Alamofire" */ = {
			isa = XCRemoteSwiftPackageReference;
			repositoryURL = "https://github.com/Alamofire/Alamofire.git";
			requirement = {
				branch = master;
				kind = branch;
			};
		};
/* End XCRemoteSwiftPackageReference section */

/* Begin XCSwiftPackageProductDependency section */
		714B616A29953ABA00FF57BE /* Alamofire */ = {
			isa = XCSwiftPackageProductDependency;
			package = 714B616929953ABA00FF57BE /* XCRemoteSwiftPackageReference "Alamofire" */;
			productName = Alamofire;
		};
/* End XCSwiftPackageProductDependency section */

/* Begin XCVersionGroup section */
		71B23CAE294298FB00DC1888 /* ExchangeRate.xcdatamodeld */ = {
			isa = XCVersionGroup;
			children = (
				71B23CAF294298FB00DC1888 /* ExchangeRate.xcdatamodel */,
			);
			currentVersion = 71B23CAF294298FB00DC1888 /* ExchangeRate.xcdatamodel */;
			path = ExchangeRate.xcdatamodeld;
			sourceTree = "<group>";
			versionGroupType = wrapper.xcdatamodel;
		};
/* End XCVersionGroup section */
	};
	rootObject = 71B23C9A294298FB00DC1888 /* Project object */;
}
